
Microsoft Visual Studio Solution File, Format Version 12.00
# Visual Studio Version 17
VisualStudioVersion = 17.6.33815.320
MinimumVisualStudioVersion = 10.0.40219.1
Project("{FAE04EC0-301F-11D3-BF4B-00C04F79EFBC}") = "AbstractFactoryDemo", "AbstractFactoryDemo\AbstractFactoryDemo.csproj", "{7D208E0A-1930-4E2F-94DD-7408BE1AA28C}"
EndProject
Global
	GlobalSection(SolutionConfigurationPlatforms) = preSolution
		Debug|Any CPU = Debug|Any CPU
		Release|Any CPU = Release|Any CPU
	EndGlobalSection
	GlobalSection(ProjectConfigurationPlatforms) = postSolution
		{7D208E0A-1930-4E2F-94DD-7408BE1AA28C}.Debug|Any CPU.ActiveCfg = Debug|Any CPU
		{7D208E0A-1930-4E2F-94DD-7408BE1AA28C}.Debug|Any CPU.Build.0 = Debug|Any CPU
		{7D208E0A-1930-4E2F-94DD-7408BE1AA28C}.Release|Any CPU.ActiveCfg = Release|Any CPU
		{7D208E0A-1930-4E2F-94DD-7408BE1AA28C}.Release|Any CPU.Build.0 = Release|Any CPU
	EndGlobalSection
	GlobalSection(SolutionProperties) = preSolution
		HideSolutionNode = FALSE
	EndGlobalSection
	GlobalSection(ExtensibilityGlobals) = postSolution
		SolutionGuid = {E3BF88E3-CEE3-49D0-9C42-D4F00D1A5A49}
	EndGlobalSection
EndGlobal
